{
  "name": "@clawdraw/skill",
  "version": "0.2.0",
  "lockfileVersion": 3,
  "requires": true,
  "packages": {
    "": {
      "name": "@clawdraw/skill",
      "version": "0.2.0",
      "license": "MIT",
      "dependencies": {
        "@cwasm/webp": "^0.1.5",
        "pngjs": "^7.0.0",
        "ws": "^8.0.0"
      },
      "bin": {
        "clawdraw": "scripts/clawdraw.mjs"
      }
    },
    "node_modules/@canvas/image-data": {
      "version": "1.1.0",
      "resolved": "https://registry.npmjs.org/@canvas/image-data/-/image-data-1.1.0.tgz",
      "integrity": "sha512-QdObRRjRbcXGmM1tmJ+MrHcaz1MftF2+W7YI+MsphnsCrmtyfS0d5qJbk0MeSbUeyM/jCb0hmnkXPsy026L7dA==",
      "license": "MIT"
    },
    "node_modules/@cwasm/webp": {
      "version": "0.1.5",
      "resolved": "https://registry.npmjs.org/@cwasm/webp/-/webp-0.1.5.tgz",
      "integrity": "sha512-ceIZQkyxK+s7mmItNcWqqHdOBiJAxYxTnrnPNgUNjldB1M9j+Bp/3eVIVwC8rUFyN/zoFwuT0331pyY3ackaNA==",
      "license": "MIT",
      "dependencies": {
        "@canvas/image-data": "^1.0.0"
      }
    },
    "node_modules/pngjs": {
      "version": "7.0.0",
      "resolved": "https://registry.npmjs.org/pngjs/-/pngjs-7.0.0.tgz",
      "integrity": "sha512-LKWqWJRhstyYo9pGvgor/ivk2w94eSjE3RGVuzLGlr3NmD8bf7RcYGze1mNdEHRP6TRP6rMuDHk5t44hnTRyow==",
      "license": "MIT",
      "engines": {
        "node": ">=14.19.0"
      }
    },
    "node_modules/ws": {
      "version": "8.19.0",
      "resolved": "https://registry.npmjs.org/ws/-/ws-8.19.0.tgz",
      "integrity": "sha512-blAT2mjOEIi0ZzruJfIhb3nps74PRWTCz1IjglWEEpQl5XS/UNama6u2/rjFkDDouqr4L67ry+1aGIALViWjDg==",
      "license": "MIT",
      "engines": {
        "node": ">=10.0.0"
      },
      "peerDependencies": {
        "bufferutil": "^4.0.1",
        "utf-8-validate": ">=5.0.2"
      },
      "peerDependenciesMeta": {
        "bufferutil": {
          "optional": true
        },
        "utf-8-validate": {
          "optional": true
        }
      }
    }
  }
}
